
Microsoft Visual Studio Solution File, Format Version 12.00
# Visual Studio 15
Project("{FAE04EC0-301F-11D3-BF4B-00C04F79EFBC}") = "Assembly-CSharp", "Assembly-CSharp.csproj", "{89E576BD-22A4-63AB-3E46-4476B844B150}"
EndProject
Project("{FAE04EC0-301F-11D3-BF4B-00C04F79EFBC}") = "Assembly-CSharp-Editor", "Assembly-CSharp-Editor.csproj", "{69F02C9A-9E4F-69CA-F46E-D22409B2FF44}"
EndProject
Global
	GlobalSection(SolutionConfigurationPlatforms) = preSolution
		Debug|Any CPU = Debug|Any CPU
		Release|Any CPU = Release|Any CPU
	EndGlobalSection
	GlobalSection(ProjectConfigurationPlatforms) = postSolution
		{89E576BD-22A4-63AB-3E46-4476B844B150}.Debug|Any CPU.ActiveCfg = Debug|Any CPU
		{89E576BD-22A4-63AB-3E46-4476B844B150}.Debug|Any CPU.Build.0 = Debug|Any CPU
		{89E576BD-22A4-63AB-3E46-4476B844B150}.Release|Any CPU.ActiveCfg = Release|Any CPU
		{89E576BD-22A4-63AB-3E46-4476B844B150}.Release|Any CPU.Build.0 = Release|Any CPU
		{69F02C9A-9E4F-69CA-F46E-D22409B2FF44}.Debug|Any CPU.ActiveCfg = Debug|Any CPU
		{69F02C9A-9E4F-69CA-F46E-D22409B2FF44}.Debug|Any CPU.Build.0 = Debug|Any CPU
		{69F02C9A-9E4F-69CA-F46E-D22409B2FF44}.Release|Any CPU.ActiveCfg = Release|Any CPU
		{69F02C9A-9E4F-69CA-F46E-D22409B2FF44}.Release|Any CPU.Build.0 = Release|Any CPU
	EndGlobalSection
	GlobalSection(SolutionProperties) = preSolution
		HideSolutionNode = FALSE
	EndGlobalSection
EndGlobal
